
Microsoft Visual Studio Solution File, Format Version 12.00
# Visual Studio 15
VisualStudioVersion = 15.0.27130.2036
MinimumVisualStudioVersion = 10.0.40219.1
Project("{FAE04EC0-301F-11D3-BF4B-00C04F79EFBC}") = "MaintainProducts", "MaintainProducts\MaintainProducts.csproj", "{AEADA23C-0E44-4AC7-9E28-0D152FA39C02}"
EndProject
Global
	GlobalSection(SolutionConfigurationPlatforms) = preSolution
		Debug|Any CPU = Debug|Any CPU
		Release|Any CPU = Release|Any CPU
	EndGlobalSection
	GlobalSection(ProjectConfigurationPlatforms) = postSolution
		{AEADA23C-0E44-4AC7-9E28-0D152FA39C02}.Debug|Any CPU.ActiveCfg = Debug|Any CPU
		{AEADA23C-0E44-4AC7-9E28-0D152FA39C02}.Debug|Any CPU.Build.0 = Debug|Any CPU
		{AEADA23C-0E44-4AC7-9E28-0D152FA39C02}.Release|Any CPU.ActiveCfg = Release|Any CPU
		{AEADA23C-0E44-4AC7-9E28-0D152FA39C02}.Release|Any CPU.Build.0 = Release|Any CPU
	EndGlobalSection
	GlobalSection(SolutionProperties) = preSolution
		HideSolutionNode = FALSE
	EndGlobalSection
	GlobalSection(ExtensibilityGlobals) = postSolution
		SolutionGuid = {7E55A845-E5A7-42E2-B5A8-A440A6AA6F5F}
	EndGlobalSection
EndGlobal
